// !$*UTF8*$!
{
	archiveVersion = 1;
	classes = {
	};
	objectVersion = 52;
	objects = {

/* Begin PBXBuildFile section */
		672E10F82714DF6C00F439E4 /* GraphicView.swift in Sources */ = {isa = PBXBuildFile; fileRef = 672E10F72714DF6C00F439E4 /* GraphicView.swift */; };
		67369AAD26BCA789003E4A28 /* ancsApp.swift in Sources */ = {isa = PBXBuildFile; fileRef = 67369AAC26BCA789003E4A28 /* ancsApp.swift */; };
		67369AAF26BCA789003E4A28 /* ContentView.swift in Sources */ = {isa = PBXBuildFile; fileRef = 67369AAE26BCA789003E4A28 /* ContentView.swift */; };
		67369AB126BCA78B003E4A28 /* Assets.xcassets in Resources */ = {isa = PBXBuildFile; fileRef = 67369AB026BCA78B003E4A28 /* Assets.xcassets */; };
		67369AB426BCA78B003E4A28 /* Preview Assets.xcassets in Resources */ = {isa = PBXBuildFile; fileRef = 67369AB326BCA78B003E4A28 /* Preview Assets.xcassets */; };
		6793430427127C4F00B1C7D3 /* CobbleLE in Frameworks */ = {isa = PBXBuildFile; productRef = 6793430327127C4F00B1C7D3 /* CobbleLE */; };
		679343082713789F00B1C7D3 /* ProximityDiscovery.swift in Sources */ = {isa = PBXBuildFile; fileRef = 679343072713789F00B1C7D3 /* ProximityDiscovery.swift */; };
/* End PBXBuildFile section */

/* Begin PBXFileReference section */
		672E10F52714C59F00F439E4 /* ancs-app.app */ = {isa = PBXFileReference; explicitFileType = wrapper.application; includeInIndex = 0; name = "ancs-app.app"; path = "/Users/crc32/Documents/bigbutton/build/Debug-iphoneos/ancs-app.app"; sourceTree = "<absolute>"; };
		672E10F72714DF6C00F439E4 /* GraphicView.swift */ = {isa = PBXFileReference; lastKnownFileType = sourcecode.swift; path = GraphicView.swift; sourceTree = "<group>"; };
		67369AAC26BCA789003E4A28 /* ancsApp.swift */ = {isa = PBXFileReference; lastKnownFileType = sourcecode.swift; path = ancsApp.swift; sourceTree = "<group>"; };
		67369AAE26BCA789003E4A28 /* ContentView.swift */ = {isa = PBXFileReference; lastKnownFileType = sourcecode.swift; path = ContentView.swift; sourceTree = "<group>"; };
		67369AB026BCA78B003E4A28 /* Assets.xcassets */ = {isa = PBXFileReference; lastKnownFileType = folder.assetcatalog; path = Assets.xcassets; sourceTree = "<group>"; };
		67369AB326BCA78B003E4A28 /* Preview Assets.xcassets */ = {isa = PBXFileReference; lastKnownFileType = folder.assetcatalog; path = "Preview Assets.xcassets"; sourceTree = "<group>"; };
		67369AB526BCA78B003E4A28 /* Info.plist */ = {isa = PBXFileReference; lastKnownFileType = text.plist.xml; path = Info.plist; sourceTree = "<group>"; };
		679343072713789F00B1C7D3 /* ProximityDiscovery.swift */ = {isa = PBXFileReference; lastKnownFileType = sourcecode.swift; path = ProximityDiscovery.swift; sourceTree = "<group>"; };
/* End PBXFileReference section */

/* Begin PBXFrameworksBuildPhase section */
		67369AA626BCA789003E4A28 /* Frameworks */ = {
			isa = PBXFrameworksBuildPhase;
			buildActionMask = 2147483647;
			files = (
				6793430427127C4F00B1C7D3 /* CobbleLE in Frameworks */,
			);
			runOnlyForDeploymentPostprocessing = 0;
		};
/* End PBXFrameworksBuildPhase section */

/* Begin PBXGroup section */
		67369AA026BCA789003E4A28 = {
			isa = PBXGroup;
			children = (
				67E2B57327127A4500A0A1AA /* Packages */,
				67369AAB26BCA789003E4A28 /* ancs-app */,
			);
			sourceTree = "<group>";
		};
		67369AAB26BCA789003E4A28 /* ancs-app */ = {
			isa = PBXGroup;
			children = (
				67369AAC26BCA789003E4A28 /* ancsApp.swift */,
				67369AAE26BCA789003E4A28 /* ContentView.swift */,
				67369AB026BCA78B003E4A28 /* Assets.xcassets */,
				67369AB526BCA78B003E4A28 /* Info.plist */,
				67369AB226BCA78B003E4A28 /* Preview Content */,
				679343072713789F00B1C7D3 /* ProximityDiscovery.swift */,
				672E10F72714DF6C00F439E4 /* GraphicView.swift */,
			);
			path = "ancs-app";
			sourceTree = "<group>";
		};
		67369AB226BCA78B003E4A28 /* Preview Content */ = {
			isa = PBXGroup;
			children = (
				67369AB326BCA78B003E4A28 /* Preview Assets.xcassets */,
			);
			path = "Preview Content";
			sourceTree = "<group>";
		};
		67E2B57327127A4500A0A1AA /* Packages */ = {
			isa = PBXGroup;
			children = (
			);
			name = Packages;
			sourceTree = "<group>";
		};
/* End PBXGroup section */

/* Begin PBXNativeTarget section */
		67369AA826BCA789003E4A28 /* ancs-app */ = {
			isa = PBXNativeTarget;
			buildConfigurationList = 67369ACE26BCA78B003E4A28 /* Build configuration list for PBXNativeTarget "ancs-app" */;
			buildPhases = (
				67369AA526BCA789003E4A28 /* Sources */,
				67369AA626BCA789003E4A28 /* Frameworks */,
				67369AA726BCA789003E4A28 /* Resources */,
			);
			buildRules = (
			);
			dependencies = (
				6793430627127E8B00B1C7D3 /* PBXTargetDependency */,
			);
			name = "ancs-app";
			packageProductDependencies = (
				6793430327127C4F00B1C7D3 /* CobbleLE */,
			);
			productName = bigbutton;
			productReference = 672E10F52714C59F00F439E4 /* ancs-app.app */;
			productType = "com.apple.product-type.application";
		};
/* End PBXNativeTarget section */

/* Begin PBXProject section */
		67369AA126BCA789003E4A28 /* Project object */ = {
			isa = PBXProject;
			attributes = {
				LastSwiftUpdateCheck = 1250;
				LastUpgradeCheck = 1250;
				TargetAttributes = {
					67369AA826BCA789003E4A28 = {
						CreatedOnToolsVersion = 12.5.1;
					};
				};
			};
			buildConfigurationList = 67369AA426BCA789003E4A28 /* Build configuration list for PBXProject "ancs-app" */;
			compatibilityVersion = "Xcode 9.3";
			developmentRegion = en;
			hasScannedForEncodings = 0;
			knownRegions = (
				en,
				Base,
			);
			mainGroup = 67369AA026BCA789003E4A28;
			packageReferences = (
				6793430227127C4F00B1C7D3 /* XCRemoteSwiftPackageReference "CobbleLEKit" */,
			);
			productRefGroup = 67369AA026BCA789003E4A28;
			projectDirPath = "";
			projectRoot = "";
			targets = (
				67369AA826BCA789003E4A28 /* ancs-app */,
			);
		};
/* End PBXProject section */

/* Begin PBXResourcesBuildPhase section */
		67369AA726BCA789003E4A28 /* Resources */ = {
			isa = PBXResourcesBuildPhase;
			buildActionMask = 2147483647;
			files = (
				67369AB426BCA78B003E4A28 /* Preview Assets.xcassets in Resources */,
				67369AB126BCA78B003E4A28 /* Assets.xcassets in Resources */,
			);
			runOnlyForDeploymentPostprocessing = 0;
		};
/* End PBXResourcesBuildPhase section */

/* Begin PBXSourcesBuildPhase section */
		67369AA526BCA789003E4A28 /* Sources */ = {
			isa = PBXSourcesBuildPhase;
			buildActionMask = 2147483647;
			files = (
				679343082713789F00B1C7D3 /* ProximityDiscovery.swift in Sources */,
				672E10F82714DF6C00F439E4 /* GraphicView.swift in Sources */,
				67369AAF26BCA789003E4A28 /* ContentView.swift in Sources */,
				67369AAD26BCA789003E4A28 /* ancsApp.swift in Sources */,
			);
			runOnlyForDeploymentPostprocessing = 0;
		};
/* End PBXSourcesBuildPhase section */

/* Begin PBXTargetDependency section */
		6793430627127E8B00B1C7D3 /* PBXTargetDependency */ = {
			isa = PBXTargetDependency;
			productRef = 6793430527127E8B00B1C7D3 /* CobbleLE */;
		};
/* End PBXTargetDependency section */

/* Begin XCBuildConfiguration section */
		67369ACC26BCA78B003E4A28 /* Debug */ = {
			isa = XCBuildConfiguration;
			buildSettings = {
				ALWAYS_SEARCH_USER_PATHS = NO;
				CLANG_ANALYZER_NONNULL = YES;
				CLANG_ANALYZER_NUMBER_OBJECT_CONVERSION = YES_AGGRESSIVE;
				CLANG_CXX_LANGUAGE_STANDARD = "gnu++14";
				CLANG_CXX_LIBRARY = "libc++";
				CLANG_ENABLE_MODULES = YES;
				CLANG_ENABLE_OBJC_ARC = YES;
				CLANG_ENABLE_OBJC_WEAK = YES;
				CLANG_WARN_BLOCK_CAPTURE_AUTORELEASING = YES;
				CLANG_WARN_BOOL_CONVERSION = YES;
				CLANG_WARN_COMMA = YES;
				CLANG_WARN_CONSTANT_CONVERSION = YES;
				CLANG_WARN_DEPRECATED_OBJC_IMPLEMENTATIONS = YES;
				CLANG_WARN_DIRECT_OBJC_ISA_USAGE = YES_ERROR;
				CLANG_WARN_DOCUMENTATION_COMMENTS = YES;
				CLANG_WARN_EMPTY_BODY = YES;
				CLANG_WARN_ENUM_CONVERSION = YES;
				CLANG_WARN_INFINITE_RECURSION = YES;
				CLANG_WARN_INT_CONVERSION = YES;
				CLANG_WARN_NON_LITERAL_NULL_CONVERSION = YES;
				CLANG_WARN_OBJC_IMPLICIT_RETAIN_SELF = YES;
				CLANG_WARN_OBJC_LITERAL_CONVERSION = YES;
				CLANG_WARN_OBJC_ROOT_CLASS = YES_ERROR;
				CLANG_WARN_QUOTED_INCLUDE_IN_FRAMEWORK_HEADER = YES;
				CLANG_WARN_RANGE_LOOP_ANALYSIS = YES;
				CLANG_WARN_STRICT_PROTOTYPES = YES;
				CLANG_WARN_SUSPICIOUS_MOVE = YES;
				CLANG_WARN_UNGUARDED_AVAILABILITY = YES_AGGRESSIVE;
				CLANG_WARN_UNREACHABLE_CODE = YES;
				CLANG_WARN__DUPLICATE_METHOD_MATCH = YES;
				COPY_PHASE_STRIP = NO;
				DEBUG_INFORMATION_FORMAT = dwarf;
				ENABLE_STRICT_OBJC_MSGSEND = YES;
				ENABLE_TESTABILITY = YES;
				GCC_C_LANGUAGE_STANDARD = gnu11;
				GCC_DYNAMIC_NO_PIC = NO;
				GCC_NO_COMMON_BLOCKS = YES;
				GCC_OPTIMIZATION_LEVEL = 0;
				GCC_PREPROCESSOR_DEFINITIONS = (
					"DEBUG=1",
					"$(inherited)",
				);
				GCC_WARN_64_TO_32_BIT_CONVERSION = YES;
				GCC_WARN_ABOUT_RETURN_TYPE = YES_ERROR;
				GCC_WARN_UNDECLARED_SELECTOR = YES;
				GCC_WARN_UNINITIALIZED_AUTOS = YES_AGGRESSIVE;
				GCC_WARN_UNUSED_FUNCTION = YES;
				GCC_WARN_UNUSED_VARIABLE = YES;
				IPHONEOS_DEPLOYMENT_TARGET = 14.5;
				MTL_ENABLE_DEBUG_INFO = INCLUDE_SOURCE;
				MTL_FAST_MATH = YES;
				ONLY_ACTIVE_ARCH = YES;
				SDKROOT = iphoneos;
				SWIFT_ACTIVE_COMPILATION_CONDITIONS = DEBUG;
				SWIFT_OPTIMIZATION_LEVEL = "-Onone";
			};
			name = Debug;
		};
		67369ACD26BCA78B003E4A28 /* Release */ = {
			isa = XCBuildConfiguration;
			buildSettings = {
				ALWAYS_SEARCH_USER_PATHS = NO;
				CLANG_ANALYZER_NONNULL = YES;
				CLANG_ANALYZER_NUMBER_OBJECT_CONVERSION = YES_AGGRESSIVE;
				CLANG_CXX_LANGUAGE_STANDARD = "gnu++14";
				CLANG_CXX_LIBRARY = "libc++";
				CLANG_ENABLE_MODULES = YES;
				CLANG_ENABLE_OBJC_ARC = YES;
				CLANG_ENABLE_OBJC_WEAK = YES;
				CLANG_WARN_BLOCK_CAPTURE_AUTORELEASING = YES;
				CLANG_WARN_BOOL_CONVERSION = YES;
				CLANG_WARN_COMMA = YES;
				CLANG_WARN_CONSTANT_CONVERSION = YES;
				CLANG_WARN_DEPRECATED_OBJC_IMPLEMENTATIONS = YES;
				CLANG_WARN_DIRECT_OBJC_ISA_USAGE = YES_ERROR;
				CLANG_WARN_DOCUMENTATION_COMMENTS = YES;
				CLANG_WARN_EMPTY_BODY = YES;
				CLANG_WARN_ENUM_CONVERSION = YES;
				CLANG_WARN_INFINITE_RECURSION = YES;
				CLANG_WARN_INT_CONVERSION = YES;
				CLANG_WARN_NON_LITERAL_NULL_CONVERSION = YES;
				CLANG_WARN_OBJC_IMPLICIT_RETAIN_SELF = YES;
				CLANG_WARN_OBJC_LITERAL_CONVERSION = YES;
				CLANG_WARN_OBJC_ROOT_CLASS = YES_ERROR;
				CLANG_WARN_QUOTED_INCLUDE_IN_FRAMEWORK_HEADER = YES;
				CLANG_WARN_RANGE_LOOP_ANALYSIS = YES;
				CLANG_WARN_STRICT_PROTOTYPES = YES;
				CLANG_WARN_SUSPICIOUS_MOVE = YES;
				CLANG_WARN_UNGUARDED_AVAILABILITY = YES_AGGRESSIVE;
				CLANG_WARN_UNREACHABLE_CODE = YES;
				CLANG_WARN__DUPLICATE_METHOD_MATCH = YES;
				COPY_PHASE_STRIP = NO;
				DEBUG_INFORMATION_FORMAT = "dwarf-with-dsym";
				ENABLE_NS_ASSERTIONS = NO;
				ENABLE_STRICT_OBJC_MSGSEND = YES;
				GCC_C_LANGUAGE_STANDARD = gnu11;
				GCC_NO_COMMON_BLOCKS = YES;
				GCC_WARN_64_TO_32_BIT_CONVERSION = YES;
				GCC_WARN_ABOUT_RETURN_TYPE = YES_ERROR;
				GCC_WARN_UNDECLARED_SELECTOR = YES;
				GCC_WARN_UNINITIALIZED_AUTOS = YES_AGGRESSIVE;
				GCC_WARN_UNUSED_FUNCTION = YES;
				GCC_WARN_UNUSED_VARIABLE = YES;
				IPHONEOS_DEPLOYMENT_TARGET = 14.5;
				MTL_ENABLE_DEBUG_INFO = NO;
				MTL_FAST_MATH = YES;
				SDKROOT = iphoneos;
				SWIFT_COMPILATION_MODE = wholemodule;
				SWIFT_OPTIMIZATION_LEVEL = "-O";
				VALIDATE_PRODUCT = YES;
			};
			name = Release;
		};
		67369ACF26BCA78B003E4A28 /* Debug */ = {
			isa = XCBuildConfiguration;
			buildSettings = {
				ASSETCATALOG_COMPILER_APPICON_NAME = AppIcon;
				ASSETCATALOG_COMPILER_GLOBAL_ACCENT_COLOR_NAME = AccentColor;
				CODE_SIGN_STYLE = Automatic;
				DEVELOPMENT_ASSET_PATHS = "\"ancs-app/Preview Content\"";
				DEVELOPMENT_TEAM = 2MFZU35H44;
				ENABLE_PREVIEWS = YES;
				INFOPLIST_FILE = "$(SRCROOT)/ancs-app/Info.plist";
				IPHONEOS_DEPLOYMENT_TARGET = 14.0;
				LD_RUNPATH_SEARCH_PATHS = (
					"$(inherited)",
					"@executable_path/Frameworks",
				);
				PRODUCT_BUNDLE_IDENTIFIER = io.rebble.ancsapp;
				PRODUCT_NAME = "$(TARGET_NAME)";
				SWIFT_VERSION = 5.0;
				TARGETED_DEVICE_FAMILY = "1,2";
			};
			name = Debug;
		};
		67369AD026BCA78B003E4A28 /* Release */ = {
			isa = XCBuildConfiguration;
			buildSettings = {
				ASSETCATALOG_COMPILER_APPICON_NAME = AppIcon;
				ASSETCATALOG_COMPILER_GLOBAL_ACCENT_COLOR_NAME = AccentColor;
				CODE_SIGN_STYLE = Automatic;
				DEVELOPMENT_ASSET_PATHS = "\"ancs-app/Preview Content\"";
				DEVELOPMENT_TEAM = 2MFZU35H44;
				ENABLE_PREVIEWS = YES;
				INFOPLIST_FILE = "$(SRCROOT)/ancs-app/Info.plist";
				IPHONEOS_DEPLOYMENT_TARGET = 14.0;
				LD_RUNPATH_SEARCH_PATHS = (
					"$(inherited)",
					"@executable_path/Frameworks",
				);
				PRODUCT_BUNDLE_IDENTIFIER = io.rebble.ancsapp;
				PRODUCT_NAME = "$(TARGET_NAME)";
				SWIFT_VERSION = 5.0;
				TARGETED_DEVICE_FAMILY = "1,2";
			};
			name = Release;
		};
/* End XCBuildConfiguration section */

/* Begin XCConfigurationList section */
		67369AA426BCA789003E4A28 /* Build configuration list for PBXProject "ancs-app" */ = {
			isa = XCConfigurationList;
			buildConfigurations = (
				67369ACC26BCA78B003E4A28 /* Debug */,
				67369ACD26BCA78B003E4A28 /* Release */,
			);
			defaultConfigurationIsVisible = 0;
			defaultConfigurationName = Release;
		};
		67369ACE26BCA78B003E4A28 /* Build configuration list for PBXNativeTarget "ancs-app" */ = {
			isa = XCConfigurationList;
			buildConfigurations = (
				67369ACF26BCA78B003E4A28 /* Debug */,
				67369AD026BCA78B003E4A28 /* Release */,
			);
			defaultConfigurationIsVisible = 0;
			defaultConfigurationName = Release;
		};
/* End XCConfigurationList section */

/* Begin XCRemoteSwiftPackageReference section */
		6793430227127C4F00B1C7D3 /* XCRemoteSwiftPackageReference "CobbleLEKit" */ = {
			isa = XCRemoteSwiftPackageReference;
			repositoryURL = "https://github.com/crc-32/CobbleLEKit";
			requirement = {
				branch = main;
				kind = branch;
			};
		};
/* End XCRemoteSwiftPackageReference section */

/* Begin XCSwiftPackageProductDependency section */
		6793430327127C4F00B1C7D3 /* CobbleLE */ = {
			isa = XCSwiftPackageProductDependency;
			package = 6793430227127C4F00B1C7D3 /* XCRemoteSwiftPackageReference "CobbleLEKit" */;
			productName = CobbleLE;
		};
		6793430527127E8B00B1C7D3 /* CobbleLE */ = {
			isa = XCSwiftPackageProductDependency;
			package = 6793430227127C4F00B1C7D3 /* XCRemoteSwiftPackageReference "CobbleLEKit" */;
			productName = CobbleLE;
		};
/* End XCSwiftPackageProductDependency section */
	};
	rootObject = 67369AA126BCA789003E4A28 /* Project object */;
}
